
Microsoft Visual Studio Solution File, Format Version 10.00
# Visual Studio 2008
Project("{8BC9CEB8-8B4A-11D0-8D11-00A0C91BC942}") = "Tang", "Tang.vcproj", "{76354261-8CE8-3538-A8B9-E133661A25A9}"
EndProject
Global
	GlobalSection(SolutionConfigurationPlatforms) = preSolution
		Debug|Win32 = Debug|Win32
		Release|Win32 = Release|Win32
	EndGlobalSection
	GlobalSection(ProjectConfigurationPlatforms) = postSolution
		{76354261-8CE8-3538-A8B9-E133661A25A9}.Debug|Win32.ActiveCfg = Debug|Win32
		{76354261-8CE8-3538-A8B9-E133661A25A9}.Debug|Win32.Build.0 = Debug|Win32
		{76354261-8CE8-3538-A8B9-E133661A25A9}.Release|Win32.ActiveCfg = Release|Win32
		{76354261-8CE8-3538-A8B9-E133661A25A9}.Release|Win32.Build.0 = Release|Win32
	EndGlobalSection
	GlobalSection(SolutionProperties) = preSolution
		HideSolutionNode = FALSE
	EndGlobalSection
EndGlobal
