
Microsoft Visual Studio Solution File, Format Version 10.00
# Visual Studio 2008
Project("{8BC9CEB8-8B4A-11D0-8D11-00A0C91BC942}") = "Project", "Tang.vcproj", "{34FFDBC6-307D-43C9-A7EF-74421E5F3354}"
EndProject
Global
	GlobalSection(SolutionConfigurationPlatforms) = preSolution
		Debug|Win32 = Debug|Win32
		Release|Win32 = Release|Win32
	EndGlobalSection
	GlobalSection(ProjectConfigurationPlatforms) = postSolution
		{34FFDBC6-307D-43C9-A7EF-74421E5F3354}.Debug|Win32.ActiveCfg = Debug|Win32
		{34FFDBC6-307D-43C9-A7EF-74421E5F3354}.Debug|Win32.Build.0 = Debug|Win32
		{34FFDBC6-307D-43C9-A7EF-74421E5F3354}.Release|Win32.ActiveCfg = Release|Win32
		{34FFDBC6-307D-43C9-A7EF-74421E5F3354}.Release|Win32.Build.0 = Release|Win32
	EndGlobalSection
	GlobalSection(SolutionProperties) = preSolution
		HideSolutionNode = FALSE
	EndGlobalSection
EndGlobal
